// !$*UTF8*$!
{
	archiveVersion = 1;
	classes = {
	};
	objectVersion = 46;
	objects = {

/* Begin PBXBuildFile section */
		3A9C08BD1CDAD0DD00582BCD /* AppDelegate.swift in Sources */ = {isa = PBXBuildFile; fileRef = 3A9C08BC1CDAD0DD00582BCD /* AppDelegate.swift */; };
		3A9C08BF1CDAD0DD00582BCD /* ViewController.swift in Sources */ = {isa = PBXBuildFile; fileRef = 3A9C08BE1CDAD0DD00582BCD /* ViewController.swift */; };
		3A9C08C11CDAD0DD00582BCD /* Assets.xcassets in Resources */ = {isa = PBXBuildFile; fileRef = 3A9C08C01CDAD0DD00582BCD /* Assets.xcassets */; };
		3A9C08C41CDAD0DD00582BCD /* Main.storyboard in Resources */ = {isa = PBXBuildFile; fileRef = 3A9C08C21CDAD0DD00582BCD /* Main.storyboard */; };
		3A9C09181CDE607F00582BCD /* Alamofire.framework in Frameworks */ = {isa = PBXBuildFile; fileRef = 3A9C09151CDE607F00582BCD /* Alamofire.framework */; };
		3A9C09191CDE607F00582BCD /* Alamofire.framework in Embed Frameworks */ = {isa = PBXBuildFile; fileRef = 3A9C09151CDE607F00582BCD /* Alamofire.framework */; settings = {ATTRIBUTES = (CodeSignOnCopy, RemoveHeadersOnCopy, ); }; };
		3A9C091A1CDE607F00582BCD /* AlamofireImage.framework in Frameworks */ = {isa = PBXBuildFile; fileRef = 3A9C09161CDE607F00582BCD /* AlamofireImage.framework */; };
		3A9C091B1CDE607F00582BCD /* AlamofireImage.framework in Embed Frameworks */ = {isa = PBXBuildFile; fileRef = 3A9C09161CDE607F00582BCD /* AlamofireImage.framework */; settings = {ATTRIBUTES = (CodeSignOnCopy, RemoveHeadersOnCopy, ); }; };
		3A9C091C1CDE607F00582BCD /* GiltKit.framework in Frameworks */ = {isa = PBXBuildFile; fileRef = 3A9C09171CDE607F00582BCD /* GiltKit.framework */; };
		3A9C091D1CDE607F00582BCD /* GiltKit.framework in Embed Frameworks */ = {isa = PBXBuildFile; fileRef = 3A9C09171CDE607F00582BCD /* GiltKit.framework */; settings = {ATTRIBUTES = (CodeSignOnCopy, RemoveHeadersOnCopy, ); }; };
		3A9C09231CDE60C200582BCD /* Alamofire.framework.dSYM in CopyFiles */ = {isa = PBXBuildFile; fileRef = 3A9C09201CDE60C200582BCD /* Alamofire.framework.dSYM */; };
		3A9C09241CDE60C200582BCD /* AlamofireImage.framework.dSYM in CopyFiles */ = {isa = PBXBuildFile; fileRef = 3A9C09211CDE60C200582BCD /* AlamofireImage.framework.dSYM */; };
		3A9C09251CDE60C200582BCD /* GiltKit.framework.dSYM in CopyFiles */ = {isa = PBXBuildFile; fileRef = 3A9C09221CDE60C200582BCD /* GiltKit.framework.dSYM */; };
		3A9C09281CDE6A2200582BCD /* SaleCellView.swift in Sources */ = {isa = PBXBuildFile; fileRef = 3A9C09271CDE6A2200582BCD /* SaleCellView.swift */; };
/* End PBXBuildFile section */

/* Begin PBXCopyFilesBuildPhase section */
		3A9C091E1CDE607F00582BCD /* Embed Frameworks */ = {
			isa = PBXCopyFilesBuildPhase;
			buildActionMask = 2147483647;
			dstPath = "";
			dstSubfolderSpec = 10;
			files = (
				3A9C09191CDE607F00582BCD /* Alamofire.framework in Embed Frameworks */,
				3A9C091B1CDE607F00582BCD /* AlamofireImage.framework in Embed Frameworks */,
				3A9C091D1CDE607F00582BCD /* GiltKit.framework in Embed Frameworks */,
			);
			name = "Embed Frameworks";
			runOnlyForDeploymentPostprocessing = 0;
		};
		3A9C091F1CDE60A000582BCD /* CopyFiles */ = {
			isa = PBXCopyFilesBuildPhase;
			buildActionMask = 2147483647;
			dstPath = "";
			dstSubfolderSpec = 16;
			files = (
				3A9C09231CDE60C200582BCD /* Alamofire.framework.dSYM in CopyFiles */,
				3A9C09241CDE60C200582BCD /* AlamofireImage.framework.dSYM in CopyFiles */,
				3A9C09251CDE60C200582BCD /* GiltKit.framework.dSYM in CopyFiles */,
			);
			runOnlyForDeploymentPostprocessing = 0;
		};
/* End PBXCopyFilesBuildPhase section */

/* Begin PBXFileReference section */
		3A9C08B91CDAD0DD00582BCD /* Gilt.app */ = {isa = PBXFileReference; explicitFileType = wrapper.application; includeInIndex = 0; path = Gilt.app; sourceTree = BUILT_PRODUCTS_DIR; };
		3A9C08BC1CDAD0DD00582BCD /* AppDelegate.swift */ = {isa = PBXFileReference; lastKnownFileType = sourcecode.swift; path = AppDelegate.swift; sourceTree = "<group>"; };
		3A9C08BE1CDAD0DD00582BCD /* ViewController.swift */ = {isa = PBXFileReference; lastKnownFileType = sourcecode.swift; path = ViewController.swift; sourceTree = "<group>"; };
		3A9C08C01CDAD0DD00582BCD /* Assets.xcassets */ = {isa = PBXFileReference; lastKnownFileType = folder.assetcatalog; path = Assets.xcassets; sourceTree = "<group>"; };
		3A9C08C31CDAD0DD00582BCD /* Base */ = {isa = PBXFileReference; lastKnownFileType = file.storyboard; name = Base; path = Base.lproj/Main.storyboard; sourceTree = "<group>"; };
		3A9C08C51CDAD0DD00582BCD /* Info.plist */ = {isa = PBXFileReference; lastKnownFileType = text.plist.xml; path = Info.plist; sourceTree = "<group>"; };
		3A9C09151CDE607F00582BCD /* Alamofire.framework */ = {isa = PBXFileReference; lastKnownFileType = wrapper.framework; name = Alamofire.framework; path = Carthage/Build/Mac/Alamofire.framework; sourceTree = "<group>"; };
		3A9C09161CDE607F00582BCD /* AlamofireImage.framework */ = {isa = PBXFileReference; lastKnownFileType = wrapper.framework; name = AlamofireImage.framework; path = Carthage/Build/Mac/AlamofireImage.framework; sourceTree = "<group>"; };
		3A9C09171CDE607F00582BCD /* GiltKit.framework */ = {isa = PBXFileReference; lastKnownFileType = wrapper.framework; name = GiltKit.framework; path = Carthage/Build/Mac/GiltKit.framework; sourceTree = "<group>"; };
		3A9C09201CDE60C200582BCD /* Alamofire.framework.dSYM */ = {isa = PBXFileReference; lastKnownFileType = wrapper.dsym; name = Alamofire.framework.dSYM; path = Carthage/Build/Mac/Alamofire.framework.dSYM; sourceTree = "<group>"; };
		3A9C09211CDE60C200582BCD /* AlamofireImage.framework.dSYM */ = {isa = PBXFileReference; lastKnownFileType = wrapper.dsym; name = AlamofireImage.framework.dSYM; path = Carthage/Build/Mac/AlamofireImage.framework.dSYM; sourceTree = "<group>"; };
		3A9C09221CDE60C200582BCD /* GiltKit.framework.dSYM */ = {isa = PBXFileReference; lastKnownFileType = wrapper.dsym; name = GiltKit.framework.dSYM; path = Carthage/Build/Mac/GiltKit.framework.dSYM; sourceTree = "<group>"; };
		3A9C09271CDE6A2200582BCD /* SaleCellView.swift */ = {isa = PBXFileReference; fileEncoding = 4; lastKnownFileType = sourcecode.swift; path = SaleCellView.swift; sourceTree = "<group>"; };
/* End PBXFileReference section */

/* Begin PBXFrameworksBuildPhase section */
		3A9C08B61CDAD0DD00582BCD /* Frameworks */ = {
			isa = PBXFrameworksBuildPhase;
			buildActionMask = 2147483647;
			files = (
				3A9C09181CDE607F00582BCD /* Alamofire.framework in Frameworks */,
				3A9C091A1CDE607F00582BCD /* AlamofireImage.framework in Frameworks */,
				3A9C091C1CDE607F00582BCD /* GiltKit.framework in Frameworks */,
			);
			runOnlyForDeploymentPostprocessing = 0;
		};
/* End PBXFrameworksBuildPhase section */

/* Begin PBXGroup section */
		3A9C08B01CDAD0DD00582BCD = {
			isa = PBXGroup;
			children = (
				3A9C08BB1CDAD0DD00582BCD /* Gilt */,
				3A9C08BA1CDAD0DD00582BCD /* Products */,
				3A9C09261CDE610500582BCD /* Frameworks */,
			);
			sourceTree = "<group>";
		};
		3A9C08BA1CDAD0DD00582BCD /* Products */ = {
			isa = PBXGroup;
			children = (
				3A9C08B91CDAD0DD00582BCD /* Gilt.app */,
			);
			name = Products;
			sourceTree = "<group>";
		};
		3A9C08BB1CDAD0DD00582BCD /* Gilt */ = {
			isa = PBXGroup;
			children = (
				3A9C08BC1CDAD0DD00582BCD /* AppDelegate.swift */,
				3A9C08BE1CDAD0DD00582BCD /* ViewController.swift */,
				3A9C09271CDE6A2200582BCD /* SaleCellView.swift */,
				3A9C08C01CDAD0DD00582BCD /* Assets.xcassets */,
				3A9C08C21CDAD0DD00582BCD /* Main.storyboard */,
				3A9C08C51CDAD0DD00582BCD /* Info.plist */,
			);
			path = Gilt;
			sourceTree = "<group>";
		};
		3A9C09261CDE610500582BCD /* Frameworks */ = {
			isa = PBXGroup;
			children = (
				3A9C09201CDE60C200582BCD /* Alamofire.framework.dSYM */,
				3A9C09211CDE60C200582BCD /* AlamofireImage.framework.dSYM */,
				3A9C09221CDE60C200582BCD /* GiltKit.framework.dSYM */,
				3A9C09151CDE607F00582BCD /* Alamofire.framework */,
				3A9C09161CDE607F00582BCD /* AlamofireImage.framework */,
				3A9C09171CDE607F00582BCD /* GiltKit.framework */,
			);
			name = Frameworks;
			sourceTree = "<group>";
		};
/* End PBXGroup section */

/* Begin PBXNativeTarget section */
		3A9C08B81CDAD0DD00582BCD /* Gilt */ = {
			isa = PBXNativeTarget;
			buildConfigurationList = 3A9C08C81CDAD0DD00582BCD /* Build configuration list for PBXNativeTarget "Gilt" */;
			buildPhases = (
				3A9C08B51CDAD0DD00582BCD /* Sources */,
				3A9C08B61CDAD0DD00582BCD /* Frameworks */,
				3A9C08B71CDAD0DD00582BCD /* Resources */,
				3A9C091E1CDE607F00582BCD /* Embed Frameworks */,
				3A9C091F1CDE60A000582BCD /* CopyFiles */,
			);
			buildRules = (
			);
			dependencies = (
			);
			name = Gilt;
			productName = Gilt;
			productReference = 3A9C08B91CDAD0DD00582BCD /* Gilt.app */;
			productType = "com.apple.product-type.application";
		};
/* End PBXNativeTarget section */

/* Begin PBXProject section */
		3A9C08B11CDAD0DD00582BCD /* Project object */ = {
			isa = PBXProject;
			attributes = {
				LastSwiftUpdateCheck = 0730;
				LastUpgradeCheck = 0730;
				ORGANIZATIONNAME = "Dasmer Singh";
				TargetAttributes = {
					3A9C08B81CDAD0DD00582BCD = {
						CreatedOnToolsVersion = 7.3;
					};
				};
			};
			buildConfigurationList = 3A9C08B41CDAD0DD00582BCD /* Build configuration list for PBXProject "Gilt" */;
			compatibilityVersion = "Xcode 3.2";
			developmentRegion = English;
			hasScannedForEncodings = 0;
			knownRegions = (
				en,
				Base,
			);
			mainGroup = 3A9C08B01CDAD0DD00582BCD;
			productRefGroup = 3A9C08BA1CDAD0DD00582BCD /* Products */;
			projectDirPath = "";
			projectRoot = "";
			targets = (
				3A9C08B81CDAD0DD00582BCD /* Gilt */,
			);
		};
/* End PBXProject section */

/* Begin PBXResourcesBuildPhase section */
		3A9C08B71CDAD0DD00582BCD /* Resources */ = {
			isa = PBXResourcesBuildPhase;
			buildActionMask = 2147483647;
			files = (
				3A9C08C11CDAD0DD00582BCD /* Assets.xcassets in Resources */,
				3A9C08C41CDAD0DD00582BCD /* Main.storyboard in Resources */,
			);
			runOnlyForDeploymentPostprocessing = 0;
		};
/* End PBXResourcesBuildPhase section */

/* Begin PBXSourcesBuildPhase section */
		3A9C08B51CDAD0DD00582BCD /* Sources */ = {
			isa = PBXSourcesBuildPhase;
			buildActionMask = 2147483647;
			files = (
				3A9C08BF1CDAD0DD00582BCD /* ViewController.swift in Sources */,
				3A9C09281CDE6A2200582BCD /* SaleCellView.swift in Sources */,
				3A9C08BD1CDAD0DD00582BCD /* AppDelegate.swift in Sources */,
			);
			runOnlyForDeploymentPostprocessing = 0;
		};
/* End PBXSourcesBuildPhase section */

/* Begin PBXVariantGroup section */
		3A9C08C21CDAD0DD00582BCD /* Main.storyboard */ = {
			isa = PBXVariantGroup;
			children = (
				3A9C08C31CDAD0DD00582BCD /* Base */,
			);
			name = Main.storyboard;
			sourceTree = "<group>";
		};
/* End PBXVariantGroup section */

/* Begin XCBuildConfiguration section */
		3A9C08C61CDAD0DD00582BCD /* Debug */ = {
			isa = XCBuildConfiguration;
			buildSettings = {
				ALWAYS_SEARCH_USER_PATHS = NO;
				CLANG_ANALYZER_NONNULL = YES;
				CLANG_CXX_LANGUAGE_STANDARD = "gnu++0x";
				CLANG_CXX_LIBRARY = "libc++";
				CLANG_ENABLE_MODULES = YES;
				CLANG_ENABLE_OBJC_ARC = YES;
				CLANG_WARN_BOOL_CONVERSION = YES;
				CLANG_WARN_CONSTANT_CONVERSION = YES;
				CLANG_WARN_DIRECT_OBJC_ISA_USAGE = YES_ERROR;
				CLANG_WARN_EMPTY_BODY = YES;
				CLANG_WARN_ENUM_CONVERSION = YES;
				CLANG_WARN_INT_CONVERSION = YES;
				CLANG_WARN_OBJC_ROOT_CLASS = YES_ERROR;
				CLANG_WARN_UNREACHABLE_CODE = YES;
				CLANG_WARN__DUPLICATE_METHOD_MATCH = YES;
				CODE_SIGN_IDENTITY = "-";
				COPY_PHASE_STRIP = NO;
				DEBUG_INFORMATION_FORMAT = dwarf;
				ENABLE_STRICT_OBJC_MSGSEND = YES;
				ENABLE_TESTABILITY = YES;
				GCC_C_LANGUAGE_STANDARD = gnu99;
				GCC_DYNAMIC_NO_PIC = NO;
				GCC_NO_COMMON_BLOCKS = YES;
				GCC_OPTIMIZATION_LEVEL = 0;
				GCC_PREPROCESSOR_DEFINITIONS = (
					"DEBUG=1",
					"$(inherited)",
				);
				GCC_WARN_64_TO_32_BIT_CONVERSION = YES;
				GCC_WARN_ABOUT_RETURN_TYPE = YES_ERROR;
				GCC_WARN_UNDECLARED_SELECTOR = YES;
				GCC_WARN_UNINITIALIZED_AUTOS = YES_AGGRESSIVE;
				GCC_WARN_UNUSED_FUNCTION = YES;
				GCC_WARN_UNUSED_VARIABLE = YES;
				MACOSX_DEPLOYMENT_TARGET = 10.11;
				MTL_ENABLE_DEBUG_INFO = YES;
				ONLY_ACTIVE_ARCH = YES;
				SDKROOT = macosx;
				SWIFT_OPTIMIZATION_LEVEL = "-Onone";
			};
			name = Debug;
		};
		3A9C08C71CDAD0DD00582BCD /* Release */ = {
			isa = XCBuildConfiguration;
			buildSettings = {
				ALWAYS_SEARCH_USER_PATHS = NO;
				CLANG_ANALYZER_NONNULL = YES;
				CLANG_CXX_LANGUAGE_STANDARD = "gnu++0x";
				CLANG_CXX_LIBRARY = "libc++";
				CLANG_ENABLE_MODULES = YES;
				CLANG_ENABLE_OBJC_ARC = YES;
				CLANG_WARN_BOOL_CONVERSION = YES;
				CLANG_WARN_CONSTANT_CONVERSION = YES;
				CLANG_WARN_DIRECT_OBJC_ISA_USAGE = YES_ERROR;
				CLANG_WARN_EMPTY_BODY = YES;
				CLANG_WARN_ENUM_CONVERSION = YES;
				CLANG_WARN_INT_CONVERSION = YES;
				CLANG_WARN_OBJC_ROOT_CLASS = YES_ERROR;
				CLANG_WARN_UNREACHABLE_CODE = YES;
				CLANG_WARN__DUPLICATE_METHOD_MATCH = YES;
				CODE_SIGN_IDENTITY = "-";
				COPY_PHASE_STRIP = NO;
				DEBUG_INFORMATION_FORMAT = "dwarf-with-dsym";
				ENABLE_NS_ASSERTIONS = NO;
				ENABLE_STRICT_OBJC_MSGSEND = YES;
				GCC_C_LANGUAGE_STANDARD = gnu99;
				GCC_NO_COMMON_BLOCKS = YES;
				GCC_WARN_64_TO_32_BIT_CONVERSION = YES;
				GCC_WARN_ABOUT_RETURN_TYPE = YES_ERROR;
				GCC_WARN_UNDECLARED_SELECTOR = YES;
				GCC_WARN_UNINITIALIZED_AUTOS = YES_AGGRESSIVE;
				GCC_WARN_UNUSED_FUNCTION = YES;
				GCC_WARN_UNUSED_VARIABLE = YES;
				MACOSX_DEPLOYMENT_TARGET = 10.11;
				MTL_ENABLE_DEBUG_INFO = NO;
				SDKROOT = macosx;
			};
			name = Release;
		};
		3A9C08C91CDAD0DD00582BCD /* Debug */ = {
			isa = XCBuildConfiguration;
			buildSettings = {
				ASSETCATALOG_COMPILER_APPICON_NAME = AppIcon;
				COMBINE_HIDPI_IMAGES = YES;
				FRAMEWORK_SEARCH_PATHS = (
					"$(inherited)",
					"$(PROJECT_DIR)/Carthage/Build/Mac",
				);
				INFOPLIST_FILE = Gilt/Info.plist;
				LD_RUNPATH_SEARCH_PATHS = "$(inherited) @executable_path/../Frameworks";
				PRODUCT_BUNDLE_IDENTIFIER = edu.columbia.Gilt;
				PRODUCT_NAME = "$(TARGET_NAME)";
			};
			name = Debug;
		};
		3A9C08CA1CDAD0DD00582BCD /* Release */ = {
			isa = XCBuildConfiguration;
			buildSettings = {
				ASSETCATALOG_COMPILER_APPICON_NAME = AppIcon;
				COMBINE_HIDPI_IMAGES = YES;
				FRAMEWORK_SEARCH_PATHS = (
					"$(inherited)",
					"$(PROJECT_DIR)/Carthage/Build/Mac",
				);
				INFOPLIST_FILE = Gilt/Info.plist;
				LD_RUNPATH_SEARCH_PATHS = "$(inherited) @executable_path/../Frameworks";
				PRODUCT_BUNDLE_IDENTIFIER = edu.columbia.Gilt;
				PRODUCT_NAME = "$(TARGET_NAME)";
			};
			name = Release;
		};
/* End XCBuildConfiguration section */

/* Begin XCConfigurationList section */
		3A9C08B41CDAD0DD00582BCD /* Build configuration list for PBXProject "Gilt" */ = {
			isa = XCConfigurationList;
			buildConfigurations = (
				3A9C08C61CDAD0DD00582BCD /* Debug */,
				3A9C08C71CDAD0DD00582BCD /* Release */,
			);
			defaultConfigurationIsVisible = 0;
			defaultConfigurationName = Release;
		};
		3A9C08C81CDAD0DD00582BCD /* Build configuration list for PBXNativeTarget "Gilt" */ = {
			isa = XCConfigurationList;
			buildConfigurations = (
				3A9C08C91CDAD0DD00582BCD /* Debug */,
				3A9C08CA1CDAD0DD00582BCD /* Release */,
			);
			defaultConfigurationIsVisible = 0;
			defaultConfigurationName = Release;
		};
/* End XCConfigurationList section */
	};
	rootObject = 3A9C08B11CDAD0DD00582BCD /* Project object */;
}
